dependencies:
- name: fulcio
  repository: https://sigstore.github.io/helm-charts
  version: 2.6.14
- name: rekor
  repository: https://sigstore.github.io/helm-charts
  version: 1.7.4
- name: trillian
  repository: https://sigstore.github.io/helm-charts
  version: 0.3.13
- name: ctlog
  repository: https://sigstore.github.io/helm-charts
  version: 0.2.65
- name: tuf
  repository: https://sigstore.github.io/helm-charts
  version: 0.1.28
- name: tsa
  repository: https://sigstore.github.io/helm-charts
  version: 1.1.8
digest: sha256:498247b5916126aaf31bb732974ff63cbcebbd2a9b0716dbbb86b6bbfdbafca2
generated: "2025-11-06T18:44:34.865427-08:00"
