dependencies:
- name: fulcio
  repository: https://sigstore.github.io/helm-charts
  version: 2.3.11
- name: rekor
  repository: https://sigstore.github.io/helm-charts
  version: 1.3.10
- name: trillian
  repository: https://sigstore.github.io/helm-charts
  version: 0.2.14
- name: ctlog
  repository: https://sigstore.github.io/helm-charts
  version: 0.2.45
- name: tuf
  repository: https://sigstore.github.io/helm-charts
  version: 0.1.6
- name: tsa
  repository: https://sigstore.github.io/helm-charts
  version: 1.0.0
digest: sha256:20d301aea68bd00f041162ddefbbbe4259870ff8cdd851b91c71c36c638cd47b
generated: "2023-10-11T23:55:17.14309481Z"
