dependencies:
- name: fulcio
  repository: https://sigstore.github.io/helm-charts
  version: 2.11.0
- name: rekor
  repository: https://sigstore.github.io/helm-charts
  version: 1.8.2
- name: trillian
  repository: https://sigstore.github.io/helm-charts
  version: 0.3.14
- name: ctlog
  repository: https://sigstore.github.io/helm-charts
  version: 0.2.66
- name: tuf
  repository: https://sigstore.github.io/helm-charts
  version: 0.1.29
- name: tsa
  repository: https://sigstore.github.io/helm-charts
  version: 2.1.1
digest: sha256:27b0ed3fd38aeeba4e4bb55a2e7e4fb01fe3293eac4580831283f0e637397a38
generated: "2026-07-08T10:11:19.981076191-07:00"
